// !$*UTF8*$!
{
	archiveVersion = 1;
	classes = {
	};
	objectVersion = 50;
	objects = {

/* Begin PBXBuildFile section */
		86981EDC223C84B50099C381 /* AppDelegate.swift in Sources */ = {isa = PBXBuildFile; fileRef = 86981EDB223C84B50099C381 /* AppDelegate.swift */; };
		86981EDE223C84B50099C381 /* DetectionViewController.swift in Sources */ = {isa = PBXBuildFile; fileRef = 86981EDD223C84B50099C381 /* DetectionViewController.swift */; };
		86981EE1223C84B50099C381 /* Main.storyboard in Resources */ = {isa = PBXBuildFile; fileRef = 86981EDF223C84B50099C381 /* Main.storyboard */; };
		86981EE3223C84B70099C381 /* Assets.xcassets in Resources */ = {isa = PBXBuildFile; fileRef = 86981EE2223C84B70099C381 /* Assets.xcassets */; };
		86981EE6223C84B70099C381 /* LaunchScreen.storyboard in Resources */ = {isa = PBXBuildFile; fileRef = 86981EE4223C84B70099C381 /* LaunchScreen.storyboard */; };
		86981EF1223C85D20099C381 /* melanomaPredict.mlmodel in Sources */ = {isa = PBXBuildFile; fileRef = 86981EEF223C85D20099C381 /* melanomaPredict.mlmodel */; };
/* End PBXBuildFile section */

/* Begin PBXFileReference section */
		86981ED8223C84B50099C381 /* Melanoma Cancer Detection.app */ = {isa = PBXFileReference; explicitFileType = wrapper.application; includeInIndex = 0; path = "Melanoma Cancer Detection.app"; sourceTree = BUILT_PRODUCTS_DIR; };
		86981EDB223C84B50099C381 /* AppDelegate.swift */ = {isa = PBXFileReference; lastKnownFileType = sourcecode.swift; path = AppDelegate.swift; sourceTree = "<group>"; };
		86981EDD223C84B50099C381 /* DetectionViewController.swift */ = {isa = PBXFileReference; lastKnownFileType = sourcecode.swift; path = DetectionViewController.swift; sourceTree = "<group>"; };
		86981EE0223C84B50099C381 /* Base */ = {isa = PBXFileReference; lastKnownFileType = file.storyboard; name = Base; path = Base.lproj/Main.storyboard; sourceTree = "<group>"; };
		86981EE2223C84B70099C381 /* Assets.xcassets */ = {isa = PBXFileReference; lastKnownFileType = folder.assetcatalog; path = Assets.xcassets; sourceTree = "<group>"; };
		86981EE5223C84B70099C381 /* Base */ = {isa = PBXFileReference; lastKnownFileType = file.storyboard; name = Base; path = Base.lproj/LaunchScreen.storyboard; sourceTree = "<group>"; };
		86981EE7223C84B70099C381 /* Info.plist */ = {isa = PBXFileReference; lastKnownFileType = text.plist.xml; path = Info.plist; sourceTree = "<group>"; };
		86981EEF223C85D20099C381 /* melanomaPredict.mlmodel */ = {isa = PBXFileReference; lastKnownFileType = file.mlmodel; path = melanomaPredict.mlmodel; sourceTree = "<group>"; };
/* End PBXFileReference section */

/* Begin PBXFrameworksBuildPhase section */
		86981ED5223C84B50099C381 /* Frameworks */ = {
			isa = PBXFrameworksBuildPhase;
			buildActionMask = 2147483647;
			files = (
			);
			runOnlyForDeploymentPostprocessing = 0;
		};
/* End PBXFrameworksBuildPhase section */

/* Begin PBXGroup section */
		86981ECF223C84B50099C381 = {
			isa = PBXGroup;
			children = (
				86981EDA223C84B50099C381 /* Melanoma Cancer Detection */,
				86981ED9223C84B50099C381 /* Products */,
			);
			sourceTree = "<group>";
		};
		86981ED9223C84B50099C381 /* Products */ = {
			isa = PBXGroup;
			children = (
				86981ED8223C84B50099C381 /* Melanoma Cancer Detection.app */,
			);
			name = Products;
			sourceTree = "<group>";
		};
		86981EDA223C84B50099C381 /* Melanoma Cancer Detection */ = {
			isa = PBXGroup;
			children = (
				86981EDB223C84B50099C381 /* AppDelegate.swift */,
				86981EDD223C84B50099C381 /* DetectionViewController.swift */,
				86981EDF223C84B50099C381 /* Main.storyboard */,
				86981EE2223C84B70099C381 /* Assets.xcassets */,
				86981EE4223C84B70099C381 /* LaunchScreen.storyboard */,
				86981EE7223C84B70099C381 /* Info.plist */,
				86981EEF223C85D20099C381 /* melanomaPredict.mlmodel */,
			);
			path = "Melanoma Cancer Detection";
			sourceTree = "<group>";
		};
/* End PBXGroup section */

/* Begin PBXNativeTarget section */
		86981ED7223C84B50099C381 /* Melanoma Cancer Detection */ = {
			isa = PBXNativeTarget;
			buildConfigurationList = 86981EEA223C84B70099C381 /* Build configuration list for PBXNativeTarget "Melanoma Cancer Detection" */;
			buildPhases = (
				86981ED4223C84B50099C381 /* Sources */,
				86981ED5223C84B50099C381 /* Frameworks */,
				86981ED6223C84B50099C381 /* Resources */,
			);
			buildRules = (
			);
			dependencies = (
			);
			name = "Melanoma Cancer Detection";
			productName = "Melanoma Cancer Detection";
			productReference = 86981ED8223C84B50099C381 /* Melanoma Cancer Detection.app */;
			productType = "com.apple.product-type.application";
		};
/* End PBXNativeTarget section */

/* Begin PBXProject section */
		86981ED0223C84B50099C381 /* Project object */ = {
			isa = PBXProject;
			attributes = {
				LastSwiftUpdateCheck = 1010;
				LastUpgradeCheck = 1010;
				ORGANIZATIONNAME = "Ishan Jain";
				TargetAttributes = {
					86981ED7223C84B50099C381 = {
						CreatedOnToolsVersion = 10.1;
					};
				};
			};
			buildConfigurationList = 86981ED3223C84B50099C381 /* Build configuration list for PBXProject "Melanoma Cancer Detection" */;
			compatibilityVersion = "Xcode 9.3";
			developmentRegion = en;
			hasScannedForEncodings = 0;
			knownRegions = (
				en,
				Base,
			);
			mainGroup = 86981ECF223C84B50099C381;
			productRefGroup = 86981ED9223C84B50099C381 /* Products */;
			projectDirPath = "";
			projectRoot = "";
			targets = (
				86981ED7223C84B50099C381 /* Melanoma Cancer Detection */,
			);
		};
/* End PBXProject section */

/* Begin PBXResourcesBuildPhase section */
		86981ED6223C84B50099C381 /* Resources */ = {
			isa = PBXResourcesBuildPhase;
			buildActionMask = 2147483647;
			files = (
				86981EE6223C84B70099C381 /* LaunchScreen.storyboard in Resources */,
				86981EE3223C84B70099C381 /* Assets.xcassets in Resources */,
				86981EE1223C84B50099C381 /* Main.storyboard in Resources */,
			);
			runOnlyForDeploymentPostprocessing = 0;
		};
/* End PBXResourcesBuildPhase section */

/* Begin PBXSourcesBuildPhase section */
		86981ED4223C84B50099C381 /* Sources */ = {
			isa = PBXSourcesBuildPhase;
			buildActionMask = 2147483647;
			files = (
				86981EF1223C85D20099C381 /* melanomaPredict.mlmodel in Sources */,
				86981EDE223C84B50099C381 /* DetectionViewController.swift in Sources */,
				86981EDC223C84B50099C381 /* AppDelegate.swift in Sources */,
			);
			runOnlyForDeploymentPostprocessing = 0;
		};
/* End PBXSourcesBuildPhase section */

/* Begin PBXVariantGroup section */
		86981EDF223C84B50099C381 /* Main.storyboard */ = {
			isa = PBXVariantGroup;
			children = (
				86981EE0223C84B50099C381 /* Base */,
			);
			name = Main.storyboard;
			sourceTree = "<group>";
		};
		86981EE4223C84B70099C381 /* LaunchScreen.storyboard */ = {
			isa = PBXVariantGroup;
			children = (
				86981EE5223C84B70099C381 /* Base */,
			);
			name = LaunchScreen.storyboard;
			sourceTree = "<group>";
		};
/* End PBXVariantGroup section */

/* Begin XCBuildConfiguration section */
		86981EE8223C84B70099C381 /* Debug */ = {
			isa = XCBuildConfiguration;
			buildSettings = {
				ALWAYS_SEARCH_USER_PATHS = NO;
				CLANG_ANALYZER_NONNULL = YES;
				CLANG_ANALYZER_NUMBER_OBJECT_CONVERSION = YES_AGGRESSIVE;
				CLANG_CXX_LANGUAGE_STANDARD = "gnu++14";
				CLANG_CXX_LIBRARY = "libc++";
				CLANG_ENABLE_MODULES = YES;
				CLANG_ENABLE_OBJC_ARC = YES;
				CLANG_ENABLE_OBJC_WEAK = YES;
				CLANG_WARN_BLOCK_CAPTURE_AUTORELEASING = YES;
				CLANG_WARN_BOOL_CONVERSION = YES;
				CLANG_WARN_COMMA = YES;
				CLANG_WARN_CONSTANT_CONVERSION = YES;
				CLANG_WARN_DEPRECATED_OBJC_IMPLEMENTATIONS = YES;
				CLANG_WARN_DIRECT_OBJC_ISA_USAGE = YES_ERROR;
				CLANG_WARN_DOCUMENTATION_COMMENTS = YES;
				CLANG_WARN_EMPTY_BODY = YES;
				CLANG_WARN_ENUM_CONVERSION = YES;
				CLANG_WARN_INFINITE_RECURSION = YES;
				CLANG_WARN_INT_CONVERSION = YES;
				CLANG_WARN_NON_LITERAL_NULL_CONVERSION = YES;
				CLANG_WARN_OBJC_IMPLICIT_RETAIN_SELF = YES;
				CLANG_WARN_OBJC_LITERAL_CONVERSION = YES;
				CLANG_WARN_OBJC_ROOT_CLASS = YES_ERROR;
				CLANG_WARN_RANGE_LOOP_ANALYSIS = YES;
				CLANG_WARN_STRICT_PROTOTYPES = YES;
				CLANG_WARN_SUSPICIOUS_MOVE = YES;
				CLANG_WARN_UNGUARDED_AVAILABILITY = YES_AGGRESSIVE;
				CLANG_WARN_UNREACHABLE_CODE = YES;
				CLANG_WARN__DUPLICATE_METHOD_MATCH = YES;
				CODE_SIGN_IDENTITY = "iPhone Developer";
				COPY_PHASE_STRIP = NO;
				DEBUG_INFORMATION_FORMAT = dwarf;
				ENABLE_STRICT_OBJC_MSGSEND = YES;
				ENABLE_TESTABILITY = YES;
				GCC_C_LANGUAGE_STANDARD = gnu11;
				GCC_DYNAMIC_NO_PIC = NO;
				GCC_NO_COMMON_BLOCKS = YES;
				GCC_OPTIMIZATION_LEVEL = 0;
				GCC_PREPROCESSOR_DEFINITIONS = (
					"DEBUG=1",
					"$(inherited)",
				);
				GCC_WARN_64_TO_32_BIT_CONVERSION = YES;
				GCC_WARN_ABOUT_RETURN_TYPE = YES_ERROR;
				GCC_WARN_UNDECLARED_SELECTOR = YES;
				GCC_WARN_UNINITIALIZED_AUTOS = YES_AGGRESSIVE;
				GCC_WARN_UNUSED_FUNCTION = YES;
				GCC_WARN_UNUSED_VARIABLE = YES;
				IPHONEOS_DEPLOYMENT_TARGET = 12.1;
				MTL_ENABLE_DEBUG_INFO = INCLUDE_SOURCE;
				MTL_FAST_MATH = YES;
				ONLY_ACTIVE_ARCH = YES;
				SDKROOT = iphoneos;
				SWIFT_ACTIVE_COMPILATION_CONDITIONS = DEBUG;
				SWIFT_OPTIMIZATION_LEVEL = "-Onone";
			};
			name = Debug;
		};
		86981EE9223C84B70099C381 /* Release */ = {
			isa = XCBuildConfiguration;
			buildSettings = {
				ALWAYS_SEARCH_USER_PATHS = NO;
				CLANG_ANALYZER_NONNULL = YES;
				CLANG_ANALYZER_NUMBER_OBJECT_CONVERSION = YES_AGGRESSIVE;
				CLANG_CXX_LANGUAGE_STANDARD = "gnu++14";
				CLANG_CXX_LIBRARY = "libc++";
				CLANG_ENABLE_MODULES = YES;
				CLANG_ENABLE_OBJC_ARC = YES;
				CLANG_ENABLE_OBJC_WEAK = YES;
				CLANG_WARN_BLOCK_CAPTURE_AUTORELEASING = YES;
				CLANG_WARN_BOOL_CONVERSION = YES;
				CLANG_WARN_COMMA = YES;
				CLANG_WARN_CONSTANT_CONVERSION = YES;
				CLANG_WARN_DEPRECATED_OBJC_IMPLEMENTATIONS = YES;
				CLANG_WARN_DIRECT_OBJC_ISA_USAGE = YES_ERROR;
				CLANG_WARN_DOCUMENTATION_COMMENTS = YES;
				CLANG_WARN_EMPTY_BODY = YES;
				CLANG_WARN_ENUM_CONVERSION = YES;
				CLANG_WARN_INFINITE_RECURSION = YES;
				CLANG_WARN_INT_CONVERSION = YES;
				CLANG_WARN_NON_LITERAL_NULL_CONVERSION = YES;
				CLANG_WARN_OBJC_IMPLICIT_RETAIN_SELF = YES;
				CLANG_WARN_OBJC_LITERAL_CONVERSION = YES;
				CLANG_WARN_OBJC_ROOT_CLASS = YES_ERROR;
				CLANG_WARN_RANGE_LOOP_ANALYSIS = YES;
				CLANG_WARN_STRICT_PROTOTYPES = YES;
				CLANG_WARN_SUSPICIOUS_MOVE = YES;
				CLANG_WARN_UNGUARDED_AVAILABILITY = YES_AGGRESSIVE;
				CLANG_WARN_UNREACHABLE_CODE = YES;
				CLANG_WARN__DUPLICATE_METHOD_MATCH = YES;
				CODE_SIGN_IDENTITY = "iPhone Developer";
				COPY_PHASE_STRIP = NO;
				DEBUG_INFORMATION_FORMAT = "dwarf-with-dsym";
				ENABLE_NS_ASSERTIONS = NO;
				ENABLE_STRICT_OBJC_MSGSEND = YES;
				GCC_C_LANGUAGE_STANDARD = gnu11;
				GCC_NO_COMMON_BLOCKS = YES;
				GCC_WARN_64_TO_32_BIT_CONVERSION = YES;
				GCC_WARN_ABOUT_RETURN_TYPE = YES_ERROR;
				GCC_WARN_UNDECLARED_SELECTOR = YES;
				GCC_WARN_UNINITIALIZED_AUTOS = YES_AGGRESSIVE;
				GCC_WARN_UNUSED_FUNCTION = YES;
				GCC_WARN_UNUSED_VARIABLE = YES;
				IPHONEOS_DEPLOYMENT_TARGET = 12.1;
				MTL_ENABLE_DEBUG_INFO = NO;
				MTL_FAST_MATH = YES;
				SDKROOT = iphoneos;
				SWIFT_COMPILATION_MODE = wholemodule;
				SWIFT_OPTIMIZATION_LEVEL = "-O";
				VALIDATE_PRODUCT = YES;
			};
			name = Release;
		};
		86981EEB223C84B70099C381 /* Debug */ = {
			isa = XCBuildConfiguration;
			buildSettings = {
				ASSETCATALOG_COMPILER_APPICON_NAME = AppIcon;
				CODE_SIGN_STYLE = Automatic;
				INFOPLIST_FILE = "Melanoma Cancer Detection/Info.plist";
				LD_RUNPATH_SEARCH_PATHS = (
					"$(inherited)",
					"@executable_path/Frameworks",
				);
				PRODUCT_BUNDLE_IDENTIFIER = "com.ishan.Melanoma-Cancer-Detection";
				PRODUCT_NAME = "$(TARGET_NAME)";
				SWIFT_VERSION = 4.2;
				TARGETED_DEVICE_FAMILY = "1,2";
			};
			name = Debug;
		};
		86981EEC223C84B70099C381 /* Release */ = {
			isa = XCBuildConfiguration;
			buildSettings = {
				ASSETCATALOG_COMPILER_APPICON_NAME = AppIcon;
				CODE_SIGN_STYLE = Automatic;
				INFOPLIST_FILE = "Melanoma Cancer Detection/Info.plist";
				LD_RUNPATH_SEARCH_PATHS = (
					"$(inherited)",
					"@executable_path/Frameworks",
				);
				PRODUCT_BUNDLE_IDENTIFIER = "com.ishan.Melanoma-Cancer-Detection";
				PRODUCT_NAME = "$(TARGET_NAME)";
				SWIFT_VERSION = 4.2;
				TARGETED_DEVICE_FAMILY = "1,2";
			};
			name = Release;
		};
/* End XCBuildConfiguration section */

/* Begin XCConfigurationList section */
		86981ED3223C84B50099C381 /* Build configuration list for PBXProject "Melanoma Cancer Detection" */ = {
			isa = XCConfigurationList;
			buildConfigurations = (
				86981EE8223C84B70099C381 /* Debug */,
				86981EE9223C84B70099C381 /* Release */,
			);
			defaultConfigurationIsVisible = 0;
			defaultConfigurationName = Release;
		};
		86981EEA223C84B70099C381 /* Build configuration list for PBXNativeTarget "Melanoma Cancer Detection" */ = {
			isa = XCConfigurationList;
			buildConfigurations = (
				86981EEB223C84B70099C381 /* Debug */,
				86981EEC223C84B70099C381 /* Release */,
			);
			defaultConfigurationIsVisible = 0;
			defaultConfigurationName = Release;
		};
/* End XCConfigurationList section */
	};
	rootObject = 86981ED0223C84B50099C381 /* Project object */;
}
